{
  "originHash" : "dab4081e37372d5764acdcf6a96a525699b570373b850ab95c819d01ab257210",
  "pins" : [
    {
      "identity" : "ios-client-sdk",
      "kind" : "remoteSourceControl",
      "location" : "https://github.com/bucketeer-io/ios-client-sdk.git",
      "state" : {
        "revision" : "d0d7f3669956c16687356aaec64e819fc991eaee",
        "version" : "2.2.1"
      }
    },
    {
      "identity" : "swift-sdk",
      "kind" : "remoteSourceControl",
      "location" : "https://github.com/open-feature/swift-sdk",
      "state" : {
        "revision" : "b9007433bcc59a8c787e958f2aaf41bffef3bc31",
        "version" : "0.2.1"
      }
    }
  ],
  "version" : 3
}
